
Microsoft Visual Studio Solution File, Format Version 12.00
# Visual Studio Version 17
VisualStudioVersion = 17.6.33801.468
MinimumVisualStudioVersion = 10.0.40219.1
Project("{9A19103F-16F7-4668-BE54-9A1E7A4F7556}") = "Company.Reports.Console", "Company.Reports.Console\Company.Reports.Console.csproj", "{D1B9C9D1-33AF-45C2-9F22-F90D0783CC3C}"
EndProject
Project("{9A19103F-16F7-4668-BE54-9A1E7A4F7556}") = "Company.Reports.Logic", "Company.Reports.Logic\Company.Reports.Logic.csproj", "{19AA7B28-1112-4D44-AD86-51A740FF2CC7}"
EndProject
Project("{FAE04EC0-301F-11D3-BF4B-00C04F79EFBC}") = "Company.Reports.Readers", "Company.Reports.Readers\Company.Reports.Readers.csproj", "{6148DB8D-5C41-4B23-AB75-FBDB239387F6}"
EndProject
Global
	GlobalSection(SolutionConfigurationPlatforms) = preSolution
		Debug|Any CPU = Debug|Any CPU
		Release|Any CPU = Release|Any CPU
	EndGlobalSection
	GlobalSection(ProjectConfigurationPlatforms) = postSolution
		{D1B9C9D1-33AF-45C2-9F22-F90D0783CC3C}.Debug|Any CPU.ActiveCfg = Debug|Any CPU
		{D1B9C9D1-33AF-45C2-9F22-F90D0783CC3C}.Debug|Any CPU.Build.0 = Debug|Any CPU
		{D1B9C9D1-33AF-45C2-9F22-F90D0783CC3C}.Release|Any CPU.ActiveCfg = Release|Any CPU
		{D1B9C9D1-33AF-45C2-9F22-F90D0783CC3C}.Release|Any CPU.Build.0 = Release|Any CPU
		{19AA7B28-1112-4D44-AD86-51A740FF2CC7}.Debug|Any CPU.ActiveCfg = Debug|Any CPU
		{19AA7B28-1112-4D44-AD86-51A740FF2CC7}.Debug|Any CPU.Build.0 = Debug|Any CPU
		{19AA7B28-1112-4D44-AD86-51A740FF2CC7}.Release|Any CPU.ActiveCfg = Release|Any CPU
		{19AA7B28-1112-4D44-AD86-51A740FF2CC7}.Release|Any CPU.Build.0 = Release|Any CPU
		{6148DB8D-5C41-4B23-AB75-FBDB239387F6}.Debug|Any CPU.ActiveCfg = Debug|Any CPU
		{6148DB8D-5C41-4B23-AB75-FBDB239387F6}.Debug|Any CPU.Build.0 = Debug|Any CPU
		{6148DB8D-5C41-4B23-AB75-FBDB239387F6}.Release|Any CPU.ActiveCfg = Release|Any CPU
		{6148DB8D-5C41-4B23-AB75-FBDB239387F6}.Release|Any CPU.Build.0 = Release|Any CPU
	EndGlobalSection
	GlobalSection(SolutionProperties) = preSolution
		HideSolutionNode = FALSE
	EndGlobalSection
	GlobalSection(ExtensibilityGlobals) = postSolution
		SolutionGuid = {F71B6D33-573C-4260-9659-5B2A56503DB3}
	EndGlobalSection
EndGlobal
